
Microsoft Visual Studio Solution File, Format Version 12.00
# Visual Studio Version 17
VisualStudioVersion = 17.0.31903.59
MinimumVisualStudioVersion = 10.0.40219.1
Project("{FAE04EC0-301F-11D3-BF4B-00C04F79EFBC}") = "KadrStudio.AiServer", "src\Kadr.AiServer\KadrStudio.AiServer.csproj", "{815F358B-8EE4-4DBA-ABE5-1E7E0A9BB942}"
EndProject
Project("{FAE04EC0-301F-11D3-BF4B-00C04F79EFBC}") = "KadrStudio.AiServer.Tests", "tests\KadrStudio.AiServer.Tests\KadrStudio.AiServer.Tests.csproj", "{07439762-64C3-40AC-A6DA-A5DE9D8D5147}"
EndProject
Global
	GlobalSection(SolutionConfigurationPlatforms) = preSolution
		Debug|Any CPU = Debug|Any CPU
		Release|Any CPU = Release|Any CPU
	EndGlobalSection
	GlobalSection(ProjectConfigurationPlatforms) = postSolution
		{815F358B-8EE4-4DBA-ABE5-1E7E0A9BB942}.Debug|Any CPU.ActiveCfg = Debug|Any CPU
		{815F358B-8EE4-4DBA-ABE5-1E7E0A9BB942}.Debug|Any CPU.Build.0 = Debug|Any CPU
		{815F358B-8EE4-4DBA-ABE5-1E7E0A9BB942}.Release|Any CPU.ActiveCfg = Release|Any CPU
		{815F358B-8EE4-4DBA-ABE5-1E7E0A9BB942}.Release|Any CPU.Build.0 = Release|Any CPU
		{07439762-64C3-40AC-A6DA-A5DE9D8D5147}.Debug|Any CPU.ActiveCfg = Debug|Any CPU
		{07439762-64C3-40AC-A6DA-A5DE9D8D5147}.Debug|Any CPU.Build.0 = Debug|Any CPU
		{07439762-64C3-40AC-A6DA-A5DE9D8D5147}.Release|Any CPU.ActiveCfg = Release|Any CPU
		{07439762-64C3-40AC-A6DA-A5DE9D8D5147}.Release|Any CPU.Build.0 = Release|Any CPU
	EndGlobalSection
	GlobalSection(SolutionProperties) = preSolution
		HideSolutionNode = FALSE
	EndGlobalSection
EndGlobal
